
Microsoft Visual Studio Solution File, Format Version 12.00
# Visual Studio Version 17
VisualStudioVersion = 17.6.33815.320
MinimumVisualStudioVersion = 10.0.40219.1
Project("{FAE04EC0-301F-11D3-BF4B-00C04F79EFBC}") = "Budgeting", "Budgeting\Budgeting.csproj", "{8D1E8F20-E2ED-47AD-8A2A-4A1FC1BDCAFC}"
EndProject
Global
	GlobalSection(SolutionConfigurationPlatforms) = preSolution
		Debug|Any CPU = Debug|Any CPU
		Release|Any CPU = Release|Any CPU
	EndGlobalSection
	GlobalSection(ProjectConfigurationPlatforms) = postSolution
		{8D1E8F20-E2ED-47AD-8A2A-4A1FC1BDCAFC}.Debug|Any CPU.ActiveCfg = Debug|Any CPU
		{8D1E8F20-E2ED-47AD-8A2A-4A1FC1BDCAFC}.Debug|Any CPU.Build.0 = Debug|Any CPU
		{8D1E8F20-E2ED-47AD-8A2A-4A1FC1BDCAFC}.Release|Any CPU.ActiveCfg = Release|Any CPU
		{8D1E8F20-E2ED-47AD-8A2A-4A1FC1BDCAFC}.Release|Any CPU.Build.0 = Release|Any CPU
	EndGlobalSection
	GlobalSection(SolutionProperties) = preSolution
		HideSolutionNode = FALSE
	EndGlobalSection
	GlobalSection(ExtensibilityGlobals) = postSolution
		SolutionGuid = {81081969-980D-4CE2-A60A-B895FDF04767}
	EndGlobalSection
EndGlobal
